// !$*UTF8*$!
{
	archiveVersion = 1;
	classes = {
	};
	objectVersion = 56;
	objects = {

/* Begin PBXBuildFile section */
		1410745D28EF0D5D00679133 /* AppDelegate.swift in Sources */ = {isa = PBXBuildFile; fileRef = 1410745C28EF0D5C00679133 /* AppDelegate.swift */; };
		1410745F28EF0D5D00679133 /* SceneDelegate.swift in Sources */ = {isa = PBXBuildFile; fileRef = 1410745E28EF0D5D00679133 /* SceneDelegate.swift */; };
		1410746128EF0D5D00679133 /* View.swift in Sources */ = {isa = PBXBuildFile; fileRef = 1410746028EF0D5D00679133 /* View.swift */; };
		1410746628EF0D5E00679133 /* Assets.xcassets in Resources */ = {isa = PBXBuildFile; fileRef = 1410746528EF0D5E00679133 /* Assets.xcassets */; };
		1410746928EF0D5E00679133 /* LaunchScreen.storyboard in Resources */ = {isa = PBXBuildFile; fileRef = 1410746728EF0D5E00679133 /* LaunchScreen.storyboard */; };
		1410747428EF0D5F00679133 /* testTests.swift in Sources */ = {isa = PBXBuildFile; fileRef = 1410747328EF0D5F00679133 /* testTests.swift */; };
		1410747E28EF0D5F00679133 /* testUITests.swift in Sources */ = {isa = PBXBuildFile; fileRef = 1410747D28EF0D5F00679133 /* testUITests.swift */; };
		1410748028EF0D5F00679133 /* testUITestsLaunchTests.swift in Sources */ = {isa = PBXBuildFile; fileRef = 1410747F28EF0D5F00679133 /* testUITestsLaunchTests.swift */; };
		1410749C28EF159D00679133 /* Calculator.swift in Sources */ = {isa = PBXBuildFile; fileRef = 1410749B28EF159D00679133 /* Calculator.swift */; };
		1410749E28EF244F00679133 /* Assets.swift in Sources */ = {isa = PBXBuildFile; fileRef = 1410749D28EF244F00679133 /* Assets.swift */; };
/* End PBXBuildFile section */

/* Begin PBXContainerItemProxy section */
		1410747028EF0D5F00679133 /* PBXContainerItemProxy */ = {
			isa = PBXContainerItemProxy;
			containerPortal = 1410745128EF0D5C00679133 /* Project object */;
			proxyType = 1;
			remoteGlobalIDString = 1410745828EF0D5C00679133;
			remoteInfo = test;
		};
		1410747A28EF0D5F00679133 /* PBXContainerItemProxy */ = {
			isa = PBXContainerItemProxy;
			containerPortal = 1410745128EF0D5C00679133 /* Project object */;
			proxyType = 1;
			remoteGlobalIDString = 1410745828EF0D5C00679133;
			remoteInfo = test;
		};
/* End PBXContainerItemProxy section */

/* Begin PBXFileReference section */
		1410745928EF0D5C00679133 /* test.app */ = {isa = PBXFileReference; explicitFileType = wrapper.application; includeInIndex = 0; path = test.app; sourceTree = BUILT_PRODUCTS_DIR; };
		1410745C28EF0D5C00679133 /* AppDelegate.swift */ = {isa = PBXFileReference; lastKnownFileType = sourcecode.swift; path = AppDelegate.swift; sourceTree = "<group>"; };
		1410745E28EF0D5D00679133 /* SceneDelegate.swift */ = {isa = PBXFileReference; lastKnownFileType = sourcecode.swift; path = SceneDelegate.swift; sourceTree = "<group>"; };
		1410746028EF0D5D00679133 /* View.swift */ = {isa = PBXFileReference; lastKnownFileType = sourcecode.swift; path = View.swift; sourceTree = "<group>"; };
		1410746528EF0D5E00679133 /* Assets.xcassets */ = {isa = PBXFileReference; lastKnownFileType = folder.assetcatalog; path = Assets.xcassets; sourceTree = "<group>"; };
		1410746828EF0D5E00679133 /* Base */ = {isa = PBXFileReference; lastKnownFileType = file.storyboard; name = Base; path = Base.lproj/LaunchScreen.storyboard; sourceTree = "<group>"; };
		1410746A28EF0D5E00679133 /* Info.plist */ = {isa = PBXFileReference; lastKnownFileType = text.plist.xml; path = Info.plist; sourceTree = "<group>"; };
		1410746F28EF0D5F00679133 /* testTests.xctest */ = {isa = PBXFileReference; explicitFileType = wrapper.cfbundle; includeInIndex = 0; path = testTests.xctest; sourceTree = BUILT_PRODUCTS_DIR; };
		1410747328EF0D5F00679133 /* testTests.swift */ = {isa = PBXFileReference; lastKnownFileType = sourcecode.swift; path = testTests.swift; sourceTree = "<group>"; };
		1410747928EF0D5F00679133 /* testUITests.xctest */ = {isa = PBXFileReference; explicitFileType = wrapper.cfbundle; includeInIndex = 0; path = testUITests.xctest; sourceTree = BUILT_PRODUCTS_DIR; };
		1410747D28EF0D5F00679133 /* testUITests.swift */ = {isa = PBXFileReference; lastKnownFileType = sourcecode.swift; path = testUITests.swift; sourceTree = "<group>"; };
		1410747F28EF0D5F00679133 /* testUITestsLaunchTests.swift */ = {isa = PBXFileReference; lastKnownFileType = sourcecode.swift; path = testUITestsLaunchTests.swift; sourceTree = "<group>"; };
		1410748E28EF10DC00679133 /* test-Bridging-Header.h */ = {isa = PBXFileReference; lastKnownFileType = sourcecode.c.h; path = "test-Bridging-Header.h"; sourceTree = "<group>"; };
		1410749B28EF159D00679133 /* Calculator.swift */ = {isa = PBXFileReference; lastKnownFileType = sourcecode.swift; path = Calculator.swift; sourceTree = "<group>"; };
		1410749D28EF244F00679133 /* Assets.swift */ = {isa = PBXFileReference; lastKnownFileType = sourcecode.swift; path = Assets.swift; sourceTree = "<group>"; };
/* End PBXFileReference section */

/* Begin PBXFrameworksBuildPhase section */
		1410745628EF0D5C00679133 /* Frameworks */ = {
			isa = PBXFrameworksBuildPhase;
			buildActionMask = 2147483647;
			files = (
			);
			runOnlyForDeploymentPostprocessing = 0;
		};
		1410746C28EF0D5F00679133 /* Frameworks */ = {
			isa = PBXFrameworksBuildPhase;
			buildActionMask = 2147483647;
			files = (
			);
			runOnlyForDeploymentPostprocessing = 0;
		};
		1410747628EF0D5F00679133 /* Frameworks */ = {
			isa = PBXFrameworksBuildPhase;
			buildActionMask = 2147483647;
			files = (
			);
			runOnlyForDeploymentPostprocessing = 0;
		};
/* End PBXFrameworksBuildPhase section */

/* Begin PBXGroup section */
		1410745028EF0D5C00679133 = {
			isa = PBXGroup;
			children = (
				1410745B28EF0D5C00679133 /* test */,
				1410747228EF0D5F00679133 /* testTests */,
				1410747C28EF0D5F00679133 /* testUITests */,
				1410745A28EF0D5C00679133 /* Products */,
				1410748E28EF10DC00679133 /* test-Bridging-Header.h */,
			);
			sourceTree = "<group>";
		};
		1410745A28EF0D5C00679133 /* Products */ = {
			isa = PBXGroup;
			children = (
				1410745928EF0D5C00679133 /* test.app */,
				1410746F28EF0D5F00679133 /* testTests.xctest */,
				1410747928EF0D5F00679133 /* testUITests.xctest */,
			);
			name = Products;
			sourceTree = "<group>";
		};
		1410745B28EF0D5C00679133 /* test */ = {
			isa = PBXGroup;
			children = (
				141074A028EF24C000679133 /* AppDelegate */,
				1410749F28EF24BA00679133 /* AppUtils */,
				1410746028EF0D5D00679133 /* View.swift */,
				1410746728EF0D5E00679133 /* LaunchScreen.storyboard */,
				1410746A28EF0D5E00679133 /* Info.plist */,
			);
			path = test;
			sourceTree = "<group>";
		};
		1410747228EF0D5F00679133 /* testTests */ = {
			isa = PBXGroup;
			children = (
				1410747328EF0D5F00679133 /* testTests.swift */,
			);
			path = testTests;
			sourceTree = "<group>";
		};
		1410747C28EF0D5F00679133 /* testUITests */ = {
			isa = PBXGroup;
			children = (
				1410747D28EF0D5F00679133 /* testUITests.swift */,
				1410747F28EF0D5F00679133 /* testUITestsLaunchTests.swift */,
			);
			path = testUITests;
			sourceTree = "<group>";
		};
		1410749F28EF24BA00679133 /* AppUtils */ = {
			isa = PBXGroup;
			children = (
				1410749B28EF159D00679133 /* Calculator.swift */,
				1410746528EF0D5E00679133 /* Assets.xcassets */,
				1410749D28EF244F00679133 /* Assets.swift */,
			);
			path = AppUtils;
			sourceTree = "<group>";
		};
		141074A028EF24C000679133 /* AppDelegate */ = {
			isa = PBXGroup;
			children = (
				1410745C28EF0D5C00679133 /* AppDelegate.swift */,
				1410745E28EF0D5D00679133 /* SceneDelegate.swift */,
			);
			path = AppDelegate;
			sourceTree = "<group>";
		};
/* End PBXGroup section */

/* Begin PBXNativeTarget section */
		1410745828EF0D5C00679133 /* test */ = {
			isa = PBXNativeTarget;
			buildConfigurationList = 1410748328EF0D5F00679133 /* Build configuration list for PBXNativeTarget "test" */;
			buildPhases = (
				1410745528EF0D5C00679133 /* Sources */,
				1410745628EF0D5C00679133 /* Frameworks */,
				1410745728EF0D5C00679133 /* Resources */,
			);
			buildRules = (
			);
			dependencies = (
			);
			name = test;
			productName = test;
			productReference = 1410745928EF0D5C00679133 /* test.app */;
			productType = "com.apple.product-type.application";
		};
		1410746E28EF0D5F00679133 /* testTests */ = {
			isa = PBXNativeTarget;
			buildConfigurationList = 1410748628EF0D5F00679133 /* Build configuration list for PBXNativeTarget "testTests" */;
			buildPhases = (
				1410746B28EF0D5F00679133 /* Sources */,
				1410746C28EF0D5F00679133 /* Frameworks */,
				1410746D28EF0D5F00679133 /* Resources */,
			);
			buildRules = (
			);
			dependencies = (
				1410747128EF0D5F00679133 /* PBXTargetDependency */,
			);
			name = testTests;
			productName = testTests;
			productReference = 1410746F28EF0D5F00679133 /* testTests.xctest */;
			productType = "com.apple.product-type.bundle.unit-test";
		};
		1410747828EF0D5F00679133 /* testUITests */ = {
			isa = PBXNativeTarget;
			buildConfigurationList = 1410748928EF0D5F00679133 /* Build configuration list for PBXNativeTarget "testUITests" */;
			buildPhases = (
				1410747528EF0D5F00679133 /* Sources */,
				1410747628EF0D5F00679133 /* Frameworks */,
				1410747728EF0D5F00679133 /* Resources */,
			);
			buildRules = (
			);
			dependencies = (
				1410747B28EF0D5F00679133 /* PBXTargetDependency */,
			);
			name = testUITests;
			productName = testUITests;
			productReference = 1410747928EF0D5F00679133 /* testUITests.xctest */;
			productType = "com.apple.product-type.bundle.ui-testing";
		};
/* End PBXNativeTarget section */

/* Begin PBXProject section */
		1410745128EF0D5C00679133 /* Project object */ = {
			isa = PBXProject;
			attributes = {
				BuildIndependentTargetsInParallel = 1;
				LastSwiftUpdateCheck = 1400;
				LastUpgradeCheck = 1400;
				TargetAttributes = {
					1410745828EF0D5C00679133 = {
						CreatedOnToolsVersion = 14.0.1;
						LastSwiftMigration = 1400;
					};
					1410746E28EF0D5F00679133 = {
						CreatedOnToolsVersion = 14.0.1;
						TestTargetID = 1410745828EF0D5C00679133;
					};
					1410747828EF0D5F00679133 = {
						CreatedOnToolsVersion = 14.0.1;
						TestTargetID = 1410745828EF0D5C00679133;
					};
				};
			};
			buildConfigurationList = 1410745428EF0D5C00679133 /* Build configuration list for PBXProject "test" */;
			compatibilityVersion = "Xcode 14.0";
			developmentRegion = en;
			hasScannedForEncodings = 0;
			knownRegions = (
				en,
				Base,
			);
			mainGroup = 1410745028EF0D5C00679133;
			productRefGroup = 1410745A28EF0D5C00679133 /* Products */;
			projectDirPath = "";
			projectRoot = "";
			targets = (
				1410745828EF0D5C00679133 /* test */,
				1410746E28EF0D5F00679133 /* testTests */,
				1410747828EF0D5F00679133 /* testUITests */,
			);
		};
/* End PBXProject section */

/* Begin PBXResourcesBuildPhase section */
		1410745728EF0D5C00679133 /* Resources */ = {
			isa = PBXResourcesBuildPhase;
			buildActionMask = 2147483647;
			files = (
				1410746928EF0D5E00679133 /* LaunchScreen.storyboard in Resources */,
				1410746628EF0D5E00679133 /* Assets.xcassets in Resources */,
			);
			runOnlyForDeploymentPostprocessing = 0;
		};
		1410746D28EF0D5F00679133 /* Resources */ = {
			isa = PBXResourcesBuildPhase;
			buildActionMask = 2147483647;
			files = (
			);
			runOnlyForDeploymentPostprocessing = 0;
		};
		1410747728EF0D5F00679133 /* Resources */ = {
			isa = PBXResourcesBuildPhase;
			buildActionMask = 2147483647;
			files = (
			);
			runOnlyForDeploymentPostprocessing = 0;
		};
/* End PBXResourcesBuildPhase section */

/* Begin PBXSourcesBuildPhase section */
		1410745528EF0D5C00679133 /* Sources */ = {
			isa = PBXSourcesBuildPhase;
			buildActionMask = 2147483647;
			files = (
				1410746128EF0D5D00679133 /* View.swift in Sources */,
				1410749C28EF159D00679133 /* Calculator.swift in Sources */,
				1410745D28EF0D5D00679133 /* AppDelegate.swift in Sources */,
				1410749E28EF244F00679133 /* Assets.swift in Sources */,
				1410745F28EF0D5D00679133 /* SceneDelegate.swift in Sources */,
			);
			runOnlyForDeploymentPostprocessing = 0;
		};
		1410746B28EF0D5F00679133 /* Sources */ = {
			isa = PBXSourcesBuildPhase;
			buildActionMask = 2147483647;
			files = (
				1410747428EF0D5F00679133 /* testTests.swift in Sources */,
			);
			runOnlyForDeploymentPostprocessing = 0;
		};
		1410747528EF0D5F00679133 /* Sources */ = {
			isa = PBXSourcesBuildPhase;
			buildActionMask = 2147483647;
			files = (
				1410748028EF0D5F00679133 /* testUITestsLaunchTests.swift in Sources */,
				1410747E28EF0D5F00679133 /* testUITests.swift in Sources */,
			);
			runOnlyForDeploymentPostprocessing = 0;
		};
/* End PBXSourcesBuildPhase section */

/* Begin PBXTargetDependency section */
		1410747128EF0D5F00679133 /* PBXTargetDependency */ = {
			isa = PBXTargetDependency;
			target = 1410745828EF0D5C00679133 /* test */;
			targetProxy = 1410747028EF0D5F00679133 /* PBXContainerItemProxy */;
		};
		1410747B28EF0D5F00679133 /* PBXTargetDependency */ = {
			isa = PBXTargetDependency;
			target = 1410745828EF0D5C00679133 /* test */;
			targetProxy = 1410747A28EF0D5F00679133 /* PBXContainerItemProxy */;
		};
/* End PBXTargetDependency section */

/* Begin PBXVariantGroup section */
		1410746728EF0D5E00679133 /* LaunchScreen.storyboard */ = {
			isa = PBXVariantGroup;
			children = (
				1410746828EF0D5E00679133 /* Base */,
			);
			name = LaunchScreen.storyboard;
			sourceTree = "<group>";
		};
/* End PBXVariantGroup section */

/* Begin XCBuildConfiguration section */
		1410748128EF0D5F00679133 /* Debug */ = {
			isa = XCBuildConfiguration;
			buildSettings = {
				ALWAYS_SEARCH_USER_PATHS = NO;
				CLANG_ANALYZER_NONNULL = YES;
				CLANG_ANALYZER_NUMBER_OBJECT_CONVERSION = YES_AGGRESSIVE;
				CLANG_CXX_LANGUAGE_STANDARD = "gnu++20";
				CLANG_ENABLE_MODULES = YES;
				CLANG_ENABLE_OBJC_ARC = YES;
				CLANG_ENABLE_OBJC_WEAK = YES;
				CLANG_WARN_BLOCK_CAPTURE_AUTORELEASING = YES;
				CLANG_WARN_BOOL_CONVERSION = YES;
				CLANG_WARN_COMMA = YES;
				CLANG_WARN_CONSTANT_CONVERSION = YES;
				CLANG_WARN_DEPRECATED_OBJC_IMPLEMENTATIONS = YES;
				CLANG_WARN_DIRECT_OBJC_ISA_USAGE = YES_ERROR;
				CLANG_WARN_DOCUMENTATION_COMMENTS = YES;
				CLANG_WARN_EMPTY_BODY = YES;
				CLANG_WARN_ENUM_CONVERSION = YES;
				CLANG_WARN_INFINITE_RECURSION = YES;
				CLANG_WARN_INT_CONVERSION = YES;
				CLANG_WARN_NON_LITERAL_NULL_CONVERSION = YES;
				CLANG_WARN_OBJC_IMPLICIT_RETAIN_SELF = YES;
				CLANG_WARN_OBJC_LITERAL_CONVERSION = YES;
				CLANG_WARN_OBJC_ROOT_CLASS = YES_ERROR;
				CLANG_WARN_QUOTED_INCLUDE_IN_FRAMEWORK_HEADER = YES;
				CLANG_WARN_RANGE_LOOP_ANALYSIS = YES;
				CLANG_WARN_STRICT_PROTOTYPES = YES;
				CLANG_WARN_SUSPICIOUS_MOVE = YES;
				CLANG_WARN_UNGUARDED_AVAILABILITY = YES_AGGRESSIVE;
				CLANG_WARN_UNREACHABLE_CODE = YES;
				CLANG_WARN__DUPLICATE_METHOD_MATCH = YES;
				COPY_PHASE_STRIP = NO;
				DEBUG_INFORMATION_FORMAT = dwarf;
				ENABLE_STRICT_OBJC_MSGSEND = YES;
				ENABLE_TESTABILITY = YES;
				GCC_C_LANGUAGE_STANDARD = gnu11;
				GCC_DYNAMIC_NO_PIC = NO;
				GCC_NO_COMMON_BLOCKS = YES;
				GCC_OPTIMIZATION_LEVEL = 0;
				GCC_PREPROCESSOR_DEFINITIONS = (
					"DEBUG=1",
					"$(inherited)",
				);
				GCC_WARN_64_TO_32_BIT_CONVERSION = YES;
				GCC_WARN_ABOUT_RETURN_TYPE = YES_ERROR;
				GCC_WARN_UNDECLARED_SELECTOR = YES;
				GCC_WARN_UNINITIALIZED_AUTOS = YES_AGGRESSIVE;
				GCC_WARN_UNUSED_FUNCTION = YES;
				GCC_WARN_UNUSED_VARIABLE = YES;
				IPHONEOS_DEPLOYMENT_TARGET = 16.0;
				MTL_ENABLE_DEBUG_INFO = INCLUDE_SOURCE;
				MTL_FAST_MATH = YES;
				ONLY_ACTIVE_ARCH = YES;
				SDKROOT = iphoneos;
				SWIFT_ACTIVE_COMPILATION_CONDITIONS = DEBUG;
				SWIFT_OPTIMIZATION_LEVEL = "-Onone";
			};
			name = Debug;
		};
		1410748228EF0D5F00679133 /* Release */ = {
			isa = XCBuildConfiguration;
			buildSettings = {
				ALWAYS_SEARCH_USER_PATHS = NO;
				CLANG_ANALYZER_NONNULL = YES;
				CLANG_ANALYZER_NUMBER_OBJECT_CONVERSION = YES_AGGRESSIVE;
				CLANG_CXX_LANGUAGE_STANDARD = "gnu++20";
				CLANG_ENABLE_MODULES = YES;
				CLANG_ENABLE_OBJC_ARC = YES;
				CLANG_ENABLE_OBJC_WEAK = YES;
				CLANG_WARN_BLOCK_CAPTURE_AUTORELEASING = YES;
				CLANG_WARN_BOOL_CONVERSION = YES;
				CLANG_WARN_COMMA = YES;
				CLANG_WARN_CONSTANT_CONVERSION = YES;
				CLANG_WARN_DEPRECATED_OBJC_IMPLEMENTATIONS = YES;
				CLANG_WARN_DIRECT_OBJC_ISA_USAGE = YES_ERROR;
				CLANG_WARN_DOCUMENTATION_COMMENTS = YES;
				CLANG_WARN_EMPTY_BODY = YES;
				CLANG_WARN_ENUM_CONVERSION = YES;
				CLANG_WARN_INFINITE_RECURSION = YES;
				CLANG_WARN_INT_CONVERSION = YES;
				CLANG_WARN_NON_LITERAL_NULL_CONVERSION = YES;
				CLANG_WARN_OBJC_IMPLICIT_RETAIN_SELF = YES;
				CLANG_WARN_OBJC_LITERAL_CONVERSION = YES;
				CLANG_WARN_OBJC_ROOT_CLASS = YES_ERROR;
				CLANG_WARN_QUOTED_INCLUDE_IN_FRAMEWORK_HEADER = YES;
				CLANG_WARN_RANGE_LOOP_ANALYSIS = YES;
				CLANG_WARN_STRICT_PROTOTYPES = YES;
				CLANG_WARN_SUSPICIOUS_MOVE = YES;
				CLANG_WARN_UNGUARDED_AVAILABILITY = YES_AGGRESSIVE;
				CLANG_WARN_UNREACHABLE_CODE = YES;
				CLANG_WARN__DUPLICATE_METHOD_MATCH = YES;
				COPY_PHASE_STRIP = NO;
				DEBUG_INFORMATION_FORMAT = "dwarf-with-dsym";
				ENABLE_NS_ASSERTIONS = NO;
				ENABLE_STRICT_OBJC_MSGSEND = YES;
				GCC_C_LANGUAGE_STANDARD = gnu11;
				GCC_NO_COMMON_BLOCKS = YES;
				GCC_WARN_64_TO_32_BIT_CONVERSION = YES;
				GCC_WARN_ABOUT_RETURN_TYPE = YES_ERROR;
				GCC_WARN_UNDECLARED_SELECTOR = YES;
				GCC_WARN_UNINITIALIZED_AUTOS = YES_AGGRESSIVE;
				GCC_WARN_UNUSED_FUNCTION = YES;
				GCC_WARN_UNUSED_VARIABLE = YES;
				IPHONEOS_DEPLOYMENT_TARGET = 16.0;
				MTL_ENABLE_DEBUG_INFO = NO;
				MTL_FAST_MATH = YES;
				SDKROOT = iphoneos;
				SWIFT_COMPILATION_MODE = wholemodule;
				SWIFT_OPTIMIZATION_LEVEL = "-O";
				VALIDATE_PRODUCT = YES;
			};
			name = Release;
		};
		1410748428EF0D5F00679133 /* Debug */ = {
			isa = XCBuildConfiguration;
			buildSettings = {
				ASSETCATALOG_COMPILER_APPICON_NAME = AppIcon;
				ASSETCATALOG_COMPILER_GLOBAL_ACCENT_COLOR_NAME = AccentColor;
				CLANG_ENABLE_MODULES = YES;
				CODE_SIGN_STYLE = Automatic;
				CURRENT_PROJECT_VERSION = 1;
				GENERATE_INFOPLIST_FILE = YES;
				INFOPLIST_FILE = test/Info.plist;
				INFOPLIST_KEY_UIApplicationSupportsIndirectInputEvents = YES;
				INFOPLIST_KEY_UILaunchStoryboardName = LaunchScreen;
				INFOPLIST_KEY_UIMainStoryboardFile = "";
				INFOPLIST_KEY_UISupportedInterfaceOrientations_iPad = "UIInterfaceOrientationPortrait UIInterfaceOrientationPortraitUpsideDown UIInterfaceOrientationLandscapeLeft UIInterfaceOrientationLandscapeRight";
				INFOPLIST_KEY_UISupportedInterfaceOrientations_iPhone = "UIInterfaceOrientationPortrait UIInterfaceOrientationLandscapeLeft UIInterfaceOrientationLandscapeRight";
				LD_RUNPATH_SEARCH_PATHS = (
					"$(inherited)",
					"@executable_path/Frameworks",
				);
				MARKETING_VERSION = 1.0;
				PRODUCT_BUNDLE_IDENTIFIER = "-Sys.test";
				PRODUCT_NAME = "$(TARGET_NAME)";
				SWIFT_EMIT_LOC_STRINGS = YES;
				SWIFT_OBJC_BRIDGING_HEADER = "test-Bridging-Header.h";
				SWIFT_OPTIMIZATION_LEVEL = "-Onone";
				SWIFT_VERSION = 5.0;
				TARGETED_DEVICE_FAMILY = "1,2";
			};
			name = Debug;
		};
		1410748528EF0D5F00679133 /* Release */ = {
			isa = XCBuildConfiguration;
			buildSettings = {
				ASSETCATALOG_COMPILER_APPICON_NAME = AppIcon;
				ASSETCATALOG_COMPILER_GLOBAL_ACCENT_COLOR_NAME = AccentColor;
				CLANG_ENABLE_MODULES = YES;
				CODE_SIGN_STYLE = Automatic;
				CURRENT_PROJECT_VERSION = 1;
				GENERATE_INFOPLIST_FILE = YES;
				INFOPLIST_FILE = test/Info.plist;
				INFOPLIST_KEY_UIApplicationSupportsIndirectInputEvents = YES;
				INFOPLIST_KEY_UILaunchStoryboardName = LaunchScreen;
				INFOPLIST_KEY_UIMainStoryboardFile = "";
				INFOPLIST_KEY_UISupportedInterfaceOrientations_iPad = "UIInterfaceOrientationPortrait UIInterfaceOrientationPortraitUpsideDown UIInterfaceOrientationLandscapeLeft UIInterfaceOrientationLandscapeRight";
				INFOPLIST_KEY_UISupportedInterfaceOrientations_iPhone = "UIInterfaceOrientationPortrait UIInterfaceOrientationLandscapeLeft UIInterfaceOrientationLandscapeRight";
				LD_RUNPATH_SEARCH_PATHS = (
					"$(inherited)",
					"@executable_path/Frameworks",
				);
				MARKETING_VERSION = 1.0;
				PRODUCT_BUNDLE_IDENTIFIER = "-Sys.test";
				PRODUCT_NAME = "$(TARGET_NAME)";
				SWIFT_EMIT_LOC_STRINGS = YES;
				SWIFT_OBJC_BRIDGING_HEADER = "test-Bridging-Header.h";
				SWIFT_VERSION = 5.0;
				TARGETED_DEVICE_FAMILY = "1,2";
			};
			name = Release;
		};
		1410748728EF0D5F00679133 /* Debug */ = {
			isa = XCBuildConfiguration;
			buildSettings = {
				ALWAYS_EMBED_SWIFT_STANDARD_LIBRARIES = YES;
				BUNDLE_LOADER = "$(TEST_HOST)";
				CODE_SIGN_STYLE = Automatic;
				CURRENT_PROJECT_VERSION = 1;
				GENERATE_INFOPLIST_FILE = YES;
				IPHONEOS_DEPLOYMENT_TARGET = 16.0;
				MARKETING_VERSION = 1.0;
				PRODUCT_BUNDLE_IDENTIFIER = "-Sys.testTests";
				PRODUCT_NAME = "$(TARGET_NAME)";
				SWIFT_EMIT_LOC_STRINGS = NO;
				SWIFT_VERSION = 5.0;
				TARGETED_DEVICE_FAMILY = "1,2";
				TEST_HOST = "$(BUILT_PRODUCTS_DIR)/test.app/$(BUNDLE_EXECUTABLE_FOLDER_PATH)/test";
			};
			name = Debug;
		};
		1410748828EF0D5F00679133 /* Release */ = {
			isa = XCBuildConfiguration;
			buildSettings = {
				ALWAYS_EMBED_SWIFT_STANDARD_LIBRARIES = YES;
				BUNDLE_LOADER = "$(TEST_HOST)";
				CODE_SIGN_STYLE = Automatic;
				CURRENT_PROJECT_VERSION = 1;
				GENERATE_INFOPLIST_FILE = YES;
				IPHONEOS_DEPLOYMENT_TARGET = 16.0;
				MARKETING_VERSION = 1.0;
				PRODUCT_BUNDLE_IDENTIFIER = "-Sys.testTests";
				PRODUCT_NAME = "$(TARGET_NAME)";
				SWIFT_EMIT_LOC_STRINGS = NO;
				SWIFT_VERSION = 5.0;
				TARGETED_DEVICE_FAMILY = "1,2";
				TEST_HOST = "$(BUILT_PRODUCTS_DIR)/test.app/$(BUNDLE_EXECUTABLE_FOLDER_PATH)/test";
			};
			name = Release;
		};
		1410748A28EF0D5F00679133 /* Debug */ = {
			isa = XCBuildConfiguration;
			buildSettings = {
				ALWAYS_EMBED_SWIFT_STANDARD_LIBRARIES = YES;
				CODE_SIGN_STYLE = Automatic;
				CURRENT_PROJECT_VERSION = 1;
				GENERATE_INFOPLIST_FILE = YES;
				MARKETING_VERSION = 1.0;
				PRODUCT_BUNDLE_IDENTIFIER = "-Sys.testUITests";
				PRODUCT_NAME = "$(TARGET_NAME)";
				SWIFT_EMIT_LOC_STRINGS = NO;
				SWIFT_VERSION = 5.0;
				TARGETED_DEVICE_FAMILY = "1,2";
				TEST_TARGET_NAME = test;
			};
			name = Debug;
		};
		1410748B28EF0D5F00679133 /* Release */ = {
			isa = XCBuildConfiguration;
			buildSettings = {
				ALWAYS_EMBED_SWIFT_STANDARD_LIBRARIES = YES;
				CODE_SIGN_STYLE = Automatic;
				CURRENT_PROJECT_VERSION = 1;
				GENERATE_INFOPLIST_FILE = YES;
				MARKETING_VERSION = 1.0;
				PRODUCT_BUNDLE_IDENTIFIER = "-Sys.testUITests";
				PRODUCT_NAME = "$(TARGET_NAME)";
				SWIFT_EMIT_LOC_STRINGS = NO;
				SWIFT_VERSION = 5.0;
				TARGETED_DEVICE_FAMILY = "1,2";
				TEST_TARGET_NAME = test;
			};
			name = Release;
		};
/* End XCBuildConfiguration section */

/* Begin XCConfigurationList section */
		1410745428EF0D5C00679133 /* Build configuration list for PBXProject "test" */ = {
			isa = XCConfigurationList;
			buildConfigurations = (
				1410748128EF0D5F00679133 /* Debug */,
				1410748228EF0D5F00679133 /* Release */,
			);
			defaultConfigurationIsVisible = 0;
			defaultConfigurationName = Release;
		};
		1410748328EF0D5F00679133 /* Build configuration list for PBXNativeTarget "test" */ = {
			isa = XCConfigurationList;
			buildConfigurations = (
				1410748428EF0D5F00679133 /* Debug */,
				1410748528EF0D5F00679133 /* Release */,
			);
			defaultConfigurationIsVisible = 0;
			defaultConfigurationName = Release;
		};
		1410748628EF0D5F00679133 /* Build configuration list for PBXNativeTarget "testTests" */ = {
			isa = XCConfigurationList;
			buildConfigurations = (
				1410748728EF0D5F00679133 /* Debug */,
				1410748828EF0D5F00679133 /* Release */,
			);
			defaultConfigurationIsVisible = 0;
			defaultConfigurationName = Release;
		};
		1410748928EF0D5F00679133 /* Build configuration list for PBXNativeTarget "testUITests" */ = {
			isa = XCConfigurationList;
			buildConfigurations = (
				1410748A28EF0D5F00679133 /* Debug */,
				1410748B28EF0D5F00679133 /* Release */,
			);
			defaultConfigurationIsVisible = 0;
			defaultConfigurationName = Release;
		};
/* End XCConfigurationList section */
	};
	rootObject = 1410745128EF0D5C00679133 /* Project object */;
}
